
Microsoft Visual Studio Solution File, Format Version 12.00
# Visual Studio Version 17
VisualStudioVersion = 17.9.34607.119
MinimumVisualStudioVersion = 10.0.40219.1
Project("{FAE04EC0-301F-11D3-BF4B-00C04F79EFBC}") = "Server", "Server\Server.csproj", "{C9E12E98-6058-4171-AA2A-E23CF6FDE483}"
EndProject
Project("{FAE04EC0-301F-11D3-BF4B-00C04F79EFBC}") = "Client", "Client\Client.csproj", "{69A9DCDC-0111-4103-8065-8EB37063ACC8}"
EndProject
Global
	GlobalSection(SolutionConfigurationPlatforms) = preSolution
		Debug|Any CPU = Debug|Any CPU
		Release|Any CPU = Release|Any CPU
	EndGlobalSection
	GlobalSection(ProjectConfigurationPlatforms) = postSolution
		{C9E12E98-6058-4171-AA2A-E23CF6FDE483}.Debug|Any CPU.ActiveCfg = Debug|Any CPU
		{C9E12E98-6058-4171-AA2A-E23CF6FDE483}.Debug|Any CPU.Build.0 = Debug|Any CPU
		{C9E12E98-6058-4171-AA2A-E23CF6FDE483}.Release|Any CPU.ActiveCfg = Release|Any CPU
		{C9E12E98-6058-4171-AA2A-E23CF6FDE483}.Release|Any CPU.Build.0 = Release|Any CPU
		{69A9DCDC-0111-4103-8065-8EB37063ACC8}.Debug|Any CPU.ActiveCfg = Debug|Any CPU
		{69A9DCDC-0111-4103-8065-8EB37063ACC8}.Debug|Any CPU.Build.0 = Debug|Any CPU
		{69A9DCDC-0111-4103-8065-8EB37063ACC8}.Release|Any CPU.ActiveCfg = Release|Any CPU
		{69A9DCDC-0111-4103-8065-8EB37063ACC8}.Release|Any CPU.Build.0 = Release|Any CPU
	EndGlobalSection
	GlobalSection(SolutionProperties) = preSolution
		HideSolutionNode = FALSE
	EndGlobalSection
	GlobalSection(ExtensibilityGlobals) = postSolution
		SolutionGuid = {6DD69BB7-F3D9-4153-82F8-E619E59040BD}
	EndGlobalSection
EndGlobal
